// !$*UTF8*$!
{
	archiveVersion = 1;
	classes = {
	};
	objectVersion = 48;
	objects = {

/* Begin PBXBuildFile section */
		01FA1504BBCD2E0C7B5F406A /* Pods_DeveloperHit.framework in Frameworks */ = {isa = PBXBuildFile; fileRef = 4F5318857C6CF99FCC6FA30B /* Pods_DeveloperHit.framework */; };
		2F126EC71FAD45B300D415EF /* LanguageColor.swift in Sources */ = {isa = PBXBuildFile; fileRef = 2F126EC61FAD45B300D415EF /* LanguageColor.swift */; };
		2F5C909A1FACD72F00020FF8 /* ProjectTableViewCell.swift in Sources */ = {isa = PBXBuildFile; fileRef = 2F5C90991FACD72F00020FF8 /* ProjectTableViewCell.swift */; };
		2F66B3411FAEF7BF00A986E8 /* V2EXModel.swift in Sources */ = {isa = PBXBuildFile; fileRef = 2F66B3401FAEF7BF00A986E8 /* V2EXModel.swift */; };
		2F66B3431FAEFB9B00A986E8 /* GankModel.swift in Sources */ = {isa = PBXBuildFile; fileRef = 2F66B3421FAEFB9B00A986E8 /* GankModel.swift */; };
		2F6F75D01FADD26100E369C4 /* ZhihuViewController.swift in Sources */ = {isa = PBXBuildFile; fileRef = 2F6F75CF1FADD26100E369C4 /* ZhihuViewController.swift */; };
		2F6F75D21FADD2A700E369C4 /* V2EXViewController.swift in Sources */ = {isa = PBXBuildFile; fileRef = 2F6F75D11FADD2A700E369C4 /* V2EXViewController.swift */; };
		2F6F75D41FADD2B100E369C4 /* GankViewController.swift in Sources */ = {isa = PBXBuildFile; fileRef = 2F6F75D31FADD2B100E369C4 /* GankViewController.swift */; };
		2F7921661FB23EE30050C697 /* WebKitViewController.swift in Sources */ = {isa = PBXBuildFile; fileRef = 2F7921651FB23EE30050C697 /* WebKitViewController.swift */; };
		2FB380A91F9E54040099263D /* AppDelegate.swift in Sources */ = {isa = PBXBuildFile; fileRef = 2FB380A81F9E54040099263D /* AppDelegate.swift */; };
		2FB380AE1F9E54040099263D /* Main.storyboard in Resources */ = {isa = PBXBuildFile; fileRef = 2FB380AC1F9E54040099263D /* Main.storyboard */; };
		2FB380B01F9E54040099263D /* Assets.xcassets in Resources */ = {isa = PBXBuildFile; fileRef = 2FB380AF1F9E54040099263D /* Assets.xcassets */; };
		2FB380B31F9E54040099263D /* LaunchScreen.storyboard in Resources */ = {isa = PBXBuildFile; fileRef = 2FB380B11F9E54040099263D /* LaunchScreen.storyboard */; };
		2FB7D5021FADEA81006BEB1F /* ZhihuModel.swift in Sources */ = {isa = PBXBuildFile; fileRef = 2FB7D5011FADEA81006BEB1F /* ZhihuModel.swift */; };
		2FC68D221FA37E8700DCBC2B /* GitHubViewController.swift in Sources */ = {isa = PBXBuildFile; fileRef = 2FC68D211FA37E8700DCBC2B /* GitHubViewController.swift */; };
		2FC68D241FA3842E00DCBC2B /* ServiceBase.swift in Sources */ = {isa = PBXBuildFile; fileRef = 2FC68D231FA3842E00DCBC2B /* ServiceBase.swift */; };
		2FC68D261FA384EB00DCBC2B /* GitHubModel.swift in Sources */ = {isa = PBXBuildFile; fileRef = 2FC68D251FA384EB00DCBC2B /* GitHubModel.swift */; };
/* End PBXBuildFile section */

/* Begin PBXFileReference section */
		2F126EC61FAD45B300D415EF /* LanguageColor.swift */ = {isa = PBXFileReference; lastKnownFileType = sourcecode.swift; path = LanguageColor.swift; sourceTree = "<group>"; };
		2F5C90991FACD72F00020FF8 /* ProjectTableViewCell.swift */ = {isa = PBXFileReference; lastKnownFileType = sourcecode.swift; path = ProjectTableViewCell.swift; sourceTree = "<group>"; };
		2F66B3401FAEF7BF00A986E8 /* V2EXModel.swift */ = {isa = PBXFileReference; lastKnownFileType = sourcecode.swift; path = V2EXModel.swift; sourceTree = "<group>"; };
		2F66B3421FAEFB9B00A986E8 /* GankModel.swift */ = {isa = PBXFileReference; lastKnownFileType = sourcecode.swift; path = GankModel.swift; sourceTree = "<group>"; };
		2F6F75CF1FADD26100E369C4 /* ZhihuViewController.swift */ = {isa = PBXFileReference; lastKnownFileType = sourcecode.swift; path = ZhihuViewController.swift; sourceTree = "<group>"; };
		2F6F75D11FADD2A700E369C4 /* V2EXViewController.swift */ = {isa = PBXFileReference; lastKnownFileType = sourcecode.swift; path = V2EXViewController.swift; sourceTree = "<group>"; };
		2F6F75D31FADD2B100E369C4 /* GankViewController.swift */ = {isa = PBXFileReference; lastKnownFileType = sourcecode.swift; path = GankViewController.swift; sourceTree = "<group>"; };
		2F7921651FB23EE30050C697 /* WebKitViewController.swift */ = {isa = PBXFileReference; lastKnownFileType = sourcecode.swift; path = WebKitViewController.swift; sourceTree = "<group>"; };
		2FB380A51F9E54040099263D /* DeveloperHit.app */ = {isa = PBXFileReference; explicitFileType = wrapper.application; includeInIndex = 0; path = DeveloperHit.app; sourceTree = BUILT_PRODUCTS_DIR; };
		2FB380A81F9E54040099263D /* AppDelegate.swift */ = {isa = PBXFileReference; lastKnownFileType = sourcecode.swift; path = AppDelegate.swift; sourceTree = "<group>"; };
		2FB380AD1F9E54040099263D /* Base */ = {isa = PBXFileReference; lastKnownFileType = file.storyboard; name = Base; path = Base.lproj/Main.storyboard; sourceTree = "<group>"; };
		2FB380AF1F9E54040099263D /* Assets.xcassets */ = {isa = PBXFileReference; lastKnownFileType = folder.assetcatalog; path = Assets.xcassets; sourceTree = "<group>"; };
		2FB380B21F9E54040099263D /* Base */ = {isa = PBXFileReference; lastKnownFileType = file.storyboard; name = Base; path = Base.lproj/LaunchScreen.storyboard; sourceTree = "<group>"; };
		2FB380B41F9E54040099263D /* Info.plist */ = {isa = PBXFileReference; lastKnownFileType = text.plist.xml; path = Info.plist; sourceTree = "<group>"; };
		2FB7D5011FADEA81006BEB1F /* ZhihuModel.swift */ = {isa = PBXFileReference; lastKnownFileType = sourcecode.swift; path = ZhihuModel.swift; sourceTree = "<group>"; };
		2FC68D211FA37E8700DCBC2B /* GitHubViewController.swift */ = {isa = PBXFileReference; lastKnownFileType = sourcecode.swift; path = GitHubViewController.swift; sourceTree = "<group>"; };
		2FC68D231FA3842E00DCBC2B /* ServiceBase.swift */ = {isa = PBXFileReference; lastKnownFileType = sourcecode.swift; path = ServiceBase.swift; sourceTree = "<group>"; };
		2FC68D251FA384EB00DCBC2B /* GitHubModel.swift */ = {isa = PBXFileReference; lastKnownFileType = sourcecode.swift; path = GitHubModel.swift; sourceTree = "<group>"; };
		4F5318857C6CF99FCC6FA30B /* Pods_DeveloperHit.framework */ = {isa = PBXFileReference; explicitFileType = wrapper.framework; includeInIndex = 0; path = Pods_DeveloperHit.framework; sourceTree = BUILT_PRODUCTS_DIR; };
		9D942A1F98850DEB078C445C /* Pods-DeveloperHit.debug.xcconfig */ = {isa = PBXFileReference; includeInIndex = 1; lastKnownFileType = text.xcconfig; name = "Pods-DeveloperHit.debug.xcconfig"; path = "Pods/Target Support Files/Pods-DeveloperHit/Pods-DeveloperHit.debug.xcconfig"; sourceTree = "<group>"; };
		FD89F6C01124E54DDE3CBAC1 /* Pods-DeveloperHit.release.xcconfig */ = {isa = PBXFileReference; includeInIndex = 1; lastKnownFileType = text.xcconfig; name = "Pods-DeveloperHit.release.xcconfig"; path = "Pods/Target Support Files/Pods-DeveloperHit/Pods-DeveloperHit.release.xcconfig"; sourceTree = "<group>"; };
/* End PBXFileReference section */

/* Begin PBXFrameworksBuildPhase section */
		2FB380A21F9E54040099263D /* Frameworks */ = {
			isa = PBXFrameworksBuildPhase;
			buildActionMask = 2147483647;
			files = (
				01FA1504BBCD2E0C7B5F406A /* Pods_DeveloperHit.framework in Frameworks */,
			);
			runOnlyForDeploymentPostprocessing = 0;
		};
/* End PBXFrameworksBuildPhase section */

/* Begin PBXGroup section */
		2FB3809C1F9E54040099263D = {
			isa = PBXGroup;
			children = (
				2FB380A71F9E54040099263D /* DeveloperHit */,
				2FB380A61F9E54040099263D /* Products */,
				984879D9CB3DA0F893E1B131 /* Pods */,
				786FF2E9D2BCE1C0E11C3C9C /* Frameworks */,
			);
			sourceTree = "<group>";
		};
		2FB380A61F9E54040099263D /* Products */ = {
			isa = PBXGroup;
			children = (
				2FB380A51F9E54040099263D /* DeveloperHit.app */,
			);
			name = Products;
			sourceTree = "<group>";
		};
		2FB380A71F9E54040099263D /* DeveloperHit */ = {
			isa = PBXGroup;
			children = (
				2FB380AC1F9E54040099263D /* Main.storyboard */,
				2FC68D231FA3842E00DCBC2B /* ServiceBase.swift */,
				2F7921651FB23EE30050C697 /* WebKitViewController.swift */,
				2FC68D211FA37E8700DCBC2B /* GitHubViewController.swift */,
				2FC68D251FA384EB00DCBC2B /* GitHubModel.swift */,
				2F6F75CF1FADD26100E369C4 /* ZhihuViewController.swift */,
				2FB7D5011FADEA81006BEB1F /* ZhihuModel.swift */,
				2F6F75D11FADD2A700E369C4 /* V2EXViewController.swift */,
				2F66B3401FAEF7BF00A986E8 /* V2EXModel.swift */,
				2F6F75D31FADD2B100E369C4 /* GankViewController.swift */,
				2F66B3421FAEFB9B00A986E8 /* GankModel.swift */,
				2F5C90991FACD72F00020FF8 /* ProjectTableViewCell.swift */,
				2F126EC61FAD45B300D415EF /* LanguageColor.swift */,
				2FB380A81F9E54040099263D /* AppDelegate.swift */,
				2FB380AF1F9E54040099263D /* Assets.xcassets */,
				2FB380B11F9E54040099263D /* LaunchScreen.storyboard */,
				2FB380B41F9E54040099263D /* Info.plist */,
			);
			path = DeveloperHit;
			sourceTree = "<group>";
		};
		786FF2E9D2BCE1C0E11C3C9C /* Frameworks */ = {
			isa = PBXGroup;
			children = (
				4F5318857C6CF99FCC6FA30B /* Pods_DeveloperHit.framework */,
			);
			name = Frameworks;
			sourceTree = "<group>";
		};
		984879D9CB3DA0F893E1B131 /* Pods */ = {
			isa = PBXGroup;
			children = (
				9D942A1F98850DEB078C445C /* Pods-DeveloperHit.debug.xcconfig */,
				FD89F6C01124E54DDE3CBAC1 /* Pods-DeveloperHit.release.xcconfig */,
			);
			name = Pods;
			sourceTree = "<group>";
		};
/* End PBXGroup section */

/* Begin PBXNativeTarget section */
		2FB380A41F9E54040099263D /* DeveloperHit */ = {
			isa = PBXNativeTarget;
			buildConfigurationList = 2FB380B71F9E54040099263D /* Build configuration list for PBXNativeTarget "DeveloperHit" */;
			buildPhases = (
				37D72E99A79625FD1DFCF419 /* [CP] Check Pods Manifest.lock */,
				2FB380A11F9E54040099263D /* Sources */,
				2FB380A21F9E54040099263D /* Frameworks */,
				2FB380A31F9E54040099263D /* Resources */,
				CBC5D391A654A920E2E970CF /* [CP] Embed Pods Frameworks */,
				DE54C0BF3DA657CDEF603056 /* [CP] Copy Pods Resources */,
			);
			buildRules = (
			);
			dependencies = (
			);
			name = DeveloperHit;
			productName = DeveloperHit;
			productReference = 2FB380A51F9E54040099263D /* DeveloperHit.app */;
			productType = "com.apple.product-type.application";
		};
/* End PBXNativeTarget section */

/* Begin PBXProject section */
		2FB3809D1F9E54040099263D /* Project object */ = {
			isa = PBXProject;
			attributes = {
				LastSwiftUpdateCheck = 0900;
				LastUpgradeCheck = 0900;
				ORGANIZATIONNAME = "Yang LI";
				TargetAttributes = {
					2FB380A41F9E54040099263D = {
						CreatedOnToolsVersion = 9.0.1;
						ProvisioningStyle = Automatic;
					};
				};
			};
			buildConfigurationList = 2FB380A01F9E54040099263D /* Build configuration list for PBXProject "DeveloperHit" */;
			compatibilityVersion = "Xcode 8.0";
			developmentRegion = en;
			hasScannedForEncodings = 0;
			knownRegions = (
				en,
				Base,
			);
			mainGroup = 2FB3809C1F9E54040099263D;
			productRefGroup = 2FB380A61F9E54040099263D /* Products */;
			projectDirPath = "";
			projectRoot = "";
			targets = (
				2FB380A41F9E54040099263D /* DeveloperHit */,
			);
		};
/* End PBXProject section */

/* Begin PBXResourcesBuildPhase section */
		2FB380A31F9E54040099263D /* Resources */ = {
			isa = PBXResourcesBuildPhase;
			buildActionMask = 2147483647;
			files = (
				2FB380B31F9E54040099263D /* LaunchScreen.storyboard in Resources */,
				2FB380B01F9E54040099263D /* Assets.xcassets in Resources */,
				2FB380AE1F9E54040099263D /* Main.storyboard in Resources */,
			);
			runOnlyForDeploymentPostprocessing = 0;
		};
/* End PBXResourcesBuildPhase section */

/* Begin PBXShellScriptBuildPhase section */
		37D72E99A79625FD1DFCF419 /* [CP] Check Pods Manifest.lock */ = {
			isa = PBXShellScriptBuildPhase;
			buildActionMask = 2147483647;
			files = (
			);
			inputPaths = (
				"${PODS_PODFILE_DIR_PATH}/Podfile.lock",
				"${PODS_ROOT}/Manifest.lock",
			);
			name = "[CP] Check Pods Manifest.lock";
			outputPaths = (
				"$(DERIVED_FILE_DIR)/Pods-DeveloperHit-checkManifestLockResult.txt",
			);
			runOnlyForDeploymentPostprocessing = 0;
			shellPath = /bin/sh;
			shellScript = "diff \"${PODS_PODFILE_DIR_PATH}/Podfile.lock\" \"${PODS_ROOT}/Manifest.lock\" > /dev/null\nif [ $? != 0 ] ; then\n    # print error to STDERR\n    echo \"error: The sandbox is not in sync with the Podfile.lock. Run 'pod install' or update your CocoaPods installation.\" >&2\n    exit 1\nfi\n# This output is used by Xcode 'outputs' to avoid re-running this script phase.\necho \"SUCCESS\" > \"${SCRIPT_OUTPUT_FILE_0}\"\n";
			showEnvVarsInLog = 0;
		};
		CBC5D391A654A920E2E970CF /* [CP] Embed Pods Frameworks */ = {
			isa = PBXShellScriptBuildPhase;
			buildActionMask = 2147483647;
			files = (
			);
			inputPaths = (
				"${SRCROOT}/Pods/Target Support Files/Pods-DeveloperHit/Pods-DeveloperHit-frameworks.sh",
				"${BUILT_PRODUCTS_DIR}/Alamofire/Alamofire.framework",
				"${BUILT_PRODUCTS_DIR}/SwiftyJSON/SwiftyJSON.framework",
			);
			name = "[CP] Embed Pods Frameworks";
			outputPaths = (
				"${TARGET_BUILD_DIR}/${FRAMEWORKS_FOLDER_PATH}/Alamofire.framework",
				"${TARGET_BUILD_DIR}/${FRAMEWORKS_FOLDER_PATH}/SwiftyJSON.framework",
			);
			runOnlyForDeploymentPostprocessing = 0;
			shellPath = /bin/sh;
			shellScript = "\"${SRCROOT}/Pods/Target Support Files/Pods-DeveloperHit/Pods-DeveloperHit-frameworks.sh\"\n";
			showEnvVarsInLog = 0;
		};
		DE54C0BF3DA657CDEF603056 /* [CP] Copy Pods Resources */ = {
			isa = PBXShellScriptBuildPhase;
			buildActionMask = 2147483647;
			files = (
			);
			inputPaths = (
			);
			name = "[CP] Copy Pods Resources";
			outputPaths = (
			);
			runOnlyForDeploymentPostprocessing = 0;
			shellPath = /bin/sh;
			shellScript = "\"${SRCROOT}/Pods/Target Support Files/Pods-DeveloperHit/Pods-DeveloperHit-resources.sh\"\n";
			showEnvVarsInLog = 0;
		};
/* End PBXShellScriptBuildPhase section */

/* Begin PBXSourcesBuildPhase section */
		2FB380A11F9E54040099263D /* Sources */ = {
			isa = PBXSourcesBuildPhase;
			buildActionMask = 2147483647;
			files = (
				2F6F75D41FADD2B100E369C4 /* GankViewController.swift in Sources */,
				2F7921661FB23EE30050C697 /* WebKitViewController.swift in Sources */,
				2F5C909A1FACD72F00020FF8 /* ProjectTableViewCell.swift in Sources */,
				2FB7D5021FADEA81006BEB1F /* ZhihuModel.swift in Sources */,
				2F66B3411FAEF7BF00A986E8 /* V2EXModel.swift in Sources */,
				2F66B3431FAEFB9B00A986E8 /* GankModel.swift in Sources */,
				2FC68D261FA384EB00DCBC2B /* GitHubModel.swift in Sources */,
				2FB380A91F9E54040099263D /* AppDelegate.swift in Sources */,
				2F126EC71FAD45B300D415EF /* LanguageColor.swift in Sources */,
				2FC68D221FA37E8700DCBC2B /* GitHubViewController.swift in Sources */,
				2FC68D241FA3842E00DCBC2B /* ServiceBase.swift in Sources */,
				2F6F75D01FADD26100E369C4 /* ZhihuViewController.swift in Sources */,
				2F6F75D21FADD2A700E369C4 /* V2EXViewController.swift in Sources */,
			);
			runOnlyForDeploymentPostprocessing = 0;
		};
/* End PBXSourcesBuildPhase section */

/* Begin PBXVariantGroup section */
		2FB380AC1F9E54040099263D /* Main.storyboard */ = {
			isa = PBXVariantGroup;
			children = (
				2FB380AD1F9E54040099263D /* Base */,
			);
			name = Main.storyboard;
			sourceTree = "<group>";
		};
		2FB380B11F9E54040099263D /* LaunchScreen.storyboard */ = {
			isa = PBXVariantGroup;
			children = (
				2FB380B21F9E54040099263D /* Base */,
			);
			name = LaunchScreen.storyboard;
			sourceTree = "<group>";
		};
/* End PBXVariantGroup section */

/* Begin XCBuildConfiguration section */
		2FB380B51F9E54040099263D /* Debug */ = {
			isa = XCBuildConfiguration;
			buildSettings = {
				ALWAYS_SEARCH_USER_PATHS = NO;
				CLANG_ANALYZER_NONNULL = YES;
				CLANG_ANALYZER_NUMBER_OBJECT_CONVERSION = YES_AGGRESSIVE;
				CLANG_CXX_LANGUAGE_STANDARD = "gnu++14";
				CLANG_CXX_LIBRARY = "libc++";
				CLANG_ENABLE_MODULES = YES;
				CLANG_ENABLE_OBJC_ARC = YES;
				CLANG_WARN_BLOCK_CAPTURE_AUTORELEASING = YES;
				CLANG_WARN_BOOL_CONVERSION = YES;
				CLANG_WARN_COMMA = YES;
				CLANG_WARN_CONSTANT_CONVERSION = YES;
				CLANG_WARN_DIRECT_OBJC_ISA_USAGE = YES_ERROR;
				CLANG_WARN_DOCUMENTATION_COMMENTS = YES;
				CLANG_WARN_EMPTY_BODY = YES;
				CLANG_WARN_ENUM_CONVERSION = YES;
				CLANG_WARN_INFINITE_RECURSION = YES;
				CLANG_WARN_INT_CONVERSION = YES;
				CLANG_WARN_NON_LITERAL_NULL_CONVERSION = YES;
				CLANG_WARN_OBJC_LITERAL_CONVERSION = YES;
				CLANG_WARN_OBJC_ROOT_CLASS = YES_ERROR;
				CLANG_WARN_RANGE_LOOP_ANALYSIS = YES;
				CLANG_WARN_STRICT_PROTOTYPES = YES;
				CLANG_WARN_SUSPICIOUS_MOVE = YES;
				CLANG_WARN_UNGUARDED_AVAILABILITY = YES_AGGRESSIVE;
				CLANG_WARN_UNREACHABLE_CODE = YES;
				CLANG_WARN__DUPLICATE_METHOD_MATCH = YES;
				CODE_SIGN_IDENTITY = "iPhone Developer";
				COPY_PHASE_STRIP = NO;
				DEBUG_INFORMATION_FORMAT = dwarf;
				ENABLE_STRICT_OBJC_MSGSEND = YES;
				ENABLE_TESTABILITY = YES;
				GCC_C_LANGUAGE_STANDARD = gnu11;
				GCC_DYNAMIC_NO_PIC = NO;
				GCC_NO_COMMON_BLOCKS = YES;
				GCC_OPTIMIZATION_LEVEL = 0;
				GCC_PREPROCESSOR_DEFINITIONS = (
					"DEBUG=1",
					"$(inherited)",
				);
				GCC_WARN_64_TO_32_BIT_CONVERSION = YES;
				GCC_WARN_ABOUT_RETURN_TYPE = YES_ERROR;
				GCC_WARN_UNDECLARED_SELECTOR = YES;
				GCC_WARN_UNINITIALIZED_AUTOS = YES_AGGRESSIVE;
				GCC_WARN_UNUSED_FUNCTION = YES;
				GCC_WARN_UNUSED_VARIABLE = YES;
				IPHONEOS_DEPLOYMENT_TARGET = 11.0;
				MTL_ENABLE_DEBUG_INFO = YES;
				ONLY_ACTIVE_ARCH = YES;
				SDKROOT = iphoneos;
				SWIFT_ACTIVE_COMPILATION_CONDITIONS = DEBUG;
				SWIFT_OPTIMIZATION_LEVEL = "-Onone";
				SWIFT_VERSION = 4.0;
			};
			name = Debug;
		};
		2FB380B61F9E54040099263D /* Release */ = {
			isa = XCBuildConfiguration;
			buildSettings = {
				ALWAYS_SEARCH_USER_PATHS = NO;
				CLANG_ANALYZER_NONNULL = YES;
				CLANG_ANALYZER_NUMBER_OBJECT_CONVERSION = YES_AGGRESSIVE;
				CLANG_CXX_LANGUAGE_STANDARD = "gnu++14";
				CLANG_CXX_LIBRARY = "libc++";
				CLANG_ENABLE_MODULES = YES;
				CLANG_ENABLE_OBJC_ARC = YES;
				CLANG_WARN_BLOCK_CAPTURE_AUTORELEASING = YES;
				CLANG_WARN_BOOL_CONVERSION = YES;
				CLANG_WARN_COMMA = YES;
				CLANG_WARN_CONSTANT_CONVERSION = YES;
				CLANG_WARN_DIRECT_OBJC_ISA_USAGE = YES_ERROR;
				CLANG_WARN_DOCUMENTATION_COMMENTS = YES;
				CLANG_WARN_EMPTY_BODY = YES;
				CLANG_WARN_ENUM_CONVERSION = YES;
				CLANG_WARN_INFINITE_RECURSION = YES;
				CLANG_WARN_INT_CONVERSION = YES;
				CLANG_WARN_NON_LITERAL_NULL_CONVERSION = YES;
				CLANG_WARN_OBJC_LITERAL_CONVERSION = YES;
				CLANG_WARN_OBJC_ROOT_CLASS = YES_ERROR;
				CLANG_WARN_RANGE_LOOP_ANALYSIS = YES;
				CLANG_WARN_STRICT_PROTOTYPES = YES;
				CLANG_WARN_SUSPICIOUS_MOVE = YES;
				CLANG_WARN_UNGUARDED_AVAILABILITY = YES_AGGRESSIVE;
				CLANG_WARN_UNREACHABLE_CODE = YES;
				CLANG_WARN__DUPLICATE_METHOD_MATCH = YES;
				CODE_SIGN_IDENTITY = "iPhone Developer";
				COPY_PHASE_STRIP = NO;
				DEBUG_INFORMATION_FORMAT = "dwarf-with-dsym";
				ENABLE_NS_ASSERTIONS = NO;
				ENABLE_STRICT_OBJC_MSGSEND = YES;
				GCC_C_LANGUAGE_STANDARD = gnu11;
				GCC_NO_COMMON_BLOCKS = YES;
				GCC_WARN_64_TO_32_BIT_CONVERSION = YES;
				GCC_WARN_ABOUT_RETURN_TYPE = YES_ERROR;
				GCC_WARN_UNDECLARED_SELECTOR = YES;
				GCC_WARN_UNINITIALIZED_AUTOS = YES_AGGRESSIVE;
				GCC_WARN_UNUSED_FUNCTION = YES;
				GCC_WARN_UNUSED_VARIABLE = YES;
				IPHONEOS_DEPLOYMENT_TARGET = 11.0;
				MTL_ENABLE_DEBUG_INFO = NO;
				SDKROOT = iphoneos;
				SWIFT_OPTIMIZATION_LEVEL = "-Owholemodule";
				SWIFT_VERSION = 4.0;
				VALIDATE_PRODUCT = YES;
			};
			name = Release;
		};
		2FB380B81F9E54040099263D /* Debug */ = {
			isa = XCBuildConfiguration;
			baseConfigurationReference = 9D942A1F98850DEB078C445C /* Pods-DeveloperHit.debug.xcconfig */;
			buildSettings = {
				ASSETCATALOG_COMPILER_APPICON_NAME = AppIcon;
				CODE_SIGN_STYLE = Automatic;
				DEVELOPMENT_TEAM = G4WT85FFHH;
				INFOPLIST_FILE = DeveloperHit/Info.plist;
				LD_RUNPATH_SEARCH_PATHS = "$(inherited) @executable_path/Frameworks";
				PRODUCT_BUNDLE_IDENTIFIER = cn.edu.tongji.DeveloperHit;
				PRODUCT_NAME = "$(TARGET_NAME)";
				SWIFT_VERSION = 4.0;
				TARGETED_DEVICE_FAMILY = 1;
			};
			name = Debug;
		};
		2FB380B91F9E54040099263D /* Release */ = {
			isa = XCBuildConfiguration;
			baseConfigurationReference = FD89F6C01124E54DDE3CBAC1 /* Pods-DeveloperHit.release.xcconfig */;
			buildSettings = {
				ASSETCATALOG_COMPILER_APPICON_NAME = AppIcon;
				CODE_SIGN_STYLE = Automatic;
				DEVELOPMENT_TEAM = G4WT85FFHH;
				INFOPLIST_FILE = DeveloperHit/Info.plist;
				LD_RUNPATH_SEARCH_PATHS = "$(inherited) @executable_path/Frameworks";
				PRODUCT_BUNDLE_IDENTIFIER = cn.edu.tongji.DeveloperHit;
				PRODUCT_NAME = "$(TARGET_NAME)";
				SWIFT_VERSION = 4.0;
				TARGETED_DEVICE_FAMILY = 1;
			};
			name = Release;
		};
/* End XCBuildConfiguration section */

/* Begin XCConfigurationList section */
		2FB380A01F9E54040099263D /* Build configuration list for PBXProject "DeveloperHit" */ = {
			isa = XCConfigurationList;
			buildConfigurations = (
				2FB380B51F9E54040099263D /* Debug */,
				2FB380B61F9E54040099263D /* Release */,
			);
			defaultConfigurationIsVisible = 0;
			defaultConfigurationName = Release;
		};
		2FB380B71F9E54040099263D /* Build configuration list for PBXNativeTarget "DeveloperHit" */ = {
			isa = XCConfigurationList;
			buildConfigurations = (
				2FB380B81F9E54040099263D /* Debug */,
				2FB380B91F9E54040099263D /* Release */,
			);
			defaultConfigurationIsVisible = 0;
			defaultConfigurationName = Release;
		};
/* End XCConfigurationList section */
	};
	rootObject = 2FB3809D1F9E54040099263D /* Project object */;
}
